
Microsoft Visual Studio Solution File, Format Version 12.00
# Visual Studio Version 17
VisualStudioVersion = 17.10.34928.147
MinimumVisualStudioVersion = 10.0.40219.1
Project("{9A19103F-16F7-4668-BE54-9A1E7A4F7556}") = "GravityChanger", "GravityChanger.csproj", "{4A8924E7-857A-46DB-8CE5-982ED350FCBE}"
EndProject
Global
	GlobalSection(SolutionConfigurationPlatforms) = preSolution
		Debug|Any CPU = Debug|Any CPU
		Release|Any CPU = Release|Any CPU
	EndGlobalSection
	GlobalSection(ProjectConfigurationPlatforms) = postSolution
		{4A8924E7-857A-46DB-8CE5-982ED350FCBE}.Debug|Any CPU.ActiveCfg = Debug|Any CPU
		{4A8924E7-857A-46DB-8CE5-982ED350FCBE}.Debug|Any CPU.Build.0 = Debug|Any CPU
		{4A8924E7-857A-46DB-8CE5-982ED350FCBE}.Release|Any CPU.ActiveCfg = Release|Any CPU
		{4A8924E7-857A-46DB-8CE5-982ED350FCBE}.Release|Any CPU.Build.0 = Release|Any CPU
	EndGlobalSection
	GlobalSection(SolutionProperties) = preSolution
		HideSolutionNode = FALSE
	EndGlobalSection
	GlobalSection(ExtensibilityGlobals) = postSolution
		SolutionGuid = {3BD5140F-EFA3-4595-AD2C-1DD341096A2F}
	EndGlobalSection
EndGlobal
